
Microsoft Visual Studio Solution File, Format Version 12.00
# Visual Studio Version 16
VisualStudioVersion = 16.0.30225.117
MinimumVisualStudioVersion = 10.0.40219.1
Project("{8BC9CEB8-8B4A-11D0-8D11-00A0C91BC942}") = "2DShooterPvP", "2DShooterPvP\2DShooterPvP.vcxproj", "{F4454836-0106-4D24-A2CC-707A5A0309EF}"
EndProject
Global
	GlobalSection(SolutionConfigurationPlatforms) = preSolution
		Debug|x64 = Debug|x64
		Debug|x86 = Debug|x86
		Release|x64 = Release|x64
		Release|x86 = Release|x86
	EndGlobalSection
	GlobalSection(ProjectConfigurationPlatforms) = postSolution
		{F4454836-0106-4D24-A2CC-707A5A0309EF}.Debug|x64.ActiveCfg = Debug|x64
		{F4454836-0106-4D24-A2CC-707A5A0309EF}.Debug|x64.Build.0 = Debug|x64
		{F4454836-0106-4D24-A2CC-707A5A0309EF}.Debug|x86.ActiveCfg = Debug|Win32
		{F4454836-0106-4D24-A2CC-707A5A0309EF}.Debug|x86.Build.0 = Debug|Win32
		{F4454836-0106-4D24-A2CC-707A5A0309EF}.Release|x64.ActiveCfg = Debug|x64
		{F4454836-0106-4D24-A2CC-707A5A0309EF}.Release|x64.Build.0 = Debug|x64
		{F4454836-0106-4D24-A2CC-707A5A0309EF}.Release|x86.ActiveCfg = Debug|x64
		{F4454836-0106-4D24-A2CC-707A5A0309EF}.Release|x86.Build.0 = Debug|x64
	EndGlobalSection
	GlobalSection(SolutionProperties) = preSolution
		HideSolutionNode = FALSE
	EndGlobalSection
	GlobalSection(ExtensibilityGlobals) = postSolution
		SolutionGuid = {BD9DFE4B-3042-48A4-8ADD-B84234E6AEEB}
	EndGlobalSection
EndGlobal
